
Microsoft Visual Studio Solution File, Format Version 12.00
# Visual Studio 15
VisualStudioVersion = 15.0.28010.2046
MinimumVisualStudioVersion = 10.0.40219.1
Project("{FAE04EC0-301F-11D3-BF4B-00C04F79EFBC}") = "WDD_A7", "WDD_A7\WDD_A7.csproj", "{CA3A370B-FF19-4066-ADE7-33FAD6C180D8}"
EndProject
Global
	GlobalSection(SolutionConfigurationPlatforms) = preSolution
		Debug|Any CPU = Debug|Any CPU
		Release|Any CPU = Release|Any CPU
	EndGlobalSection
	GlobalSection(ProjectConfigurationPlatforms) = postSolution
		{CA3A370B-FF19-4066-ADE7-33FAD6C180D8}.Debug|Any CPU.ActiveCfg = Debug|Any CPU
		{CA3A370B-FF19-4066-ADE7-33FAD6C180D8}.Debug|Any CPU.Build.0 = Debug|Any CPU
		{CA3A370B-FF19-4066-ADE7-33FAD6C180D8}.Release|Any CPU.ActiveCfg = Release|Any CPU
		{CA3A370B-FF19-4066-ADE7-33FAD6C180D8}.Release|Any CPU.Build.0 = Release|Any CPU
	EndGlobalSection
	GlobalSection(SolutionProperties) = preSolution
		HideSolutionNode = FALSE
	EndGlobalSection
	GlobalSection(ExtensibilityGlobals) = postSolution
		SolutionGuid = {97ED6DF4-9A57-401A-9B17-F5ADE7682C60}
	EndGlobalSection
EndGlobal
